
Microsoft Visual Studio Solution File, Format Version 12.00
# Visual Studio Version 17
VisualStudioVersion = 17.8.34316.72
MinimumVisualStudioVersion = 10.0.40219.1
Project("{FAE04EC0-301F-11D3-BF4B-00C04F79EFBC}") = "wpfExampla01", "wpfExampla01\wpfExampla01.csproj", "{D95F5771-1F72-46F9-9B95-CBC43CAD7250}"
EndProject
Global
	GlobalSection(SolutionConfigurationPlatforms) = preSolution
		Debug|Any CPU = Debug|Any CPU
		Release|Any CPU = Release|Any CPU
	EndGlobalSection
	GlobalSection(ProjectConfigurationPlatforms) = postSolution
		{D95F5771-1F72-46F9-9B95-CBC43CAD7250}.Debug|Any CPU.ActiveCfg = Debug|Any CPU
		{D95F5771-1F72-46F9-9B95-CBC43CAD7250}.Debug|Any CPU.Build.0 = Debug|Any CPU
		{D95F5771-1F72-46F9-9B95-CBC43CAD7250}.Release|Any CPU.ActiveCfg = Release|Any CPU
		{D95F5771-1F72-46F9-9B95-CBC43CAD7250}.Release|Any CPU.Build.0 = Release|Any CPU
	EndGlobalSection
	GlobalSection(SolutionProperties) = preSolution
		HideSolutionNode = FALSE
	EndGlobalSection
	GlobalSection(ExtensibilityGlobals) = postSolution
		SolutionGuid = {AD3DE2A2-E601-4DBA-8D13-4D25E2705721}
	EndGlobalSection
EndGlobal
